
Microsoft Visual Studio Solution File, Format Version 12.00
# Visual Studio Version 16
VisualStudioVersion = 16.0.29920.165
MinimumVisualStudioVersion = 10.0.40219.1
Project("{888888A0-9F3D-457C-B088-3A5042F75D52}") = "FlaskWebProject1", "FlaskWebProject1\FlaskWebProject1.pyproj", "{B33F20B2-4868-470F-AF3E-6CCF1CAA5A28}"
EndProject
Global
	GlobalSection(SolutionConfigurationPlatforms) = preSolution
		Debug|Any CPU = Debug|Any CPU
		Release|Any CPU = Release|Any CPU
	EndGlobalSection
	GlobalSection(ProjectConfigurationPlatforms) = postSolution
		{B33F20B2-4868-470F-AF3E-6CCF1CAA5A28}.Debug|Any CPU.ActiveCfg = Debug|Any CPU
		{B33F20B2-4868-470F-AF3E-6CCF1CAA5A28}.Debug|Any CPU.Build.0 = Debug|Any CPU
		{B33F20B2-4868-470F-AF3E-6CCF1CAA5A28}.Release|Any CPU.ActiveCfg = Release|Any CPU
		{B33F20B2-4868-470F-AF3E-6CCF1CAA5A28}.Release|Any CPU.Build.0 = Release|Any CPU
	EndGlobalSection
	GlobalSection(SolutionProperties) = preSolution
		HideSolutionNode = FALSE
	EndGlobalSection
	GlobalSection(ExtensibilityGlobals) = postSolution
		SolutionGuid = {E85D8A6A-E5B1-4357-9961-E01A3B99A901}
	EndGlobalSection
EndGlobal
